// !$*UTF8*$!
{
	archiveVersion = 1;
	classes = {
	};
	objectVersion = 55;
	objects = {

/* Begin PBXBuildFile section */
		1A47E87E286A51F3004914AB /* AppDelegate.m in Sources */ = {isa = PBXBuildFile; fileRef = 1A47E87D286A51F3004914AB /* AppDelegate.m */; };
		1A47E881286A51F3004914AB /* SceneDelegate.m in Sources */ = {isa = PBXBuildFile; fileRef = 1A47E880286A51F3004914AB /* SceneDelegate.m */; };
		1A47E884286A51F3004914AB /* ViewController.m in Sources */ = {isa = PBXBuildFile; fileRef = 1A47E883286A51F3004914AB /* ViewController.m */; };
		1A47E887286A51F3004914AB /* Main.storyboard in Resources */ = {isa = PBXBuildFile; fileRef = 1A47E885286A51F3004914AB /* Main.storyboard */; };
		1A47E889286A51F4004914AB /* Assets.xcassets in Resources */ = {isa = PBXBuildFile; fileRef = 1A47E888286A51F4004914AB /* Assets.xcassets */; };
		1A47E88C286A51F4004914AB /* LaunchScreen.storyboard in Resources */ = {isa = PBXBuildFile; fileRef = 1A47E88A286A51F4004914AB /* LaunchScreen.storyboard */; };
		1A47E88F286A51F4004914AB /* main.m in Sources */ = {isa = PBXBuildFile; fileRef = 1A47E88E286A51F4004914AB /* main.m */; };
		1A47E899286A51F4004914AB /* InstagramTests.m in Sources */ = {isa = PBXBuildFile; fileRef = 1A47E898286A51F4004914AB /* InstagramTests.m */; };
		1A47E8A3286A51F4004914AB /* InstagramUITests.m in Sources */ = {isa = PBXBuildFile; fileRef = 1A47E8A2286A51F4004914AB /* InstagramUITests.m */; };
		1A47E8A5286A51F4004914AB /* InstagramUITestsLaunchTests.m in Sources */ = {isa = PBXBuildFile; fileRef = 1A47E8A4286A51F4004914AB /* InstagramUITestsLaunchTests.m */; };
		1A47E8B2286A551B004914AB /* keys.plist in Resources */ = {isa = PBXBuildFile; fileRef = 1A47E8B1286A551B004914AB /* keys.plist */; };
		95A3F18FBB137EC605876C57 /* Pods_Instagram.framework in Frameworks */ = {isa = PBXBuildFile; fileRef = 770C5F6BCE6AFA542263501E /* Pods_Instagram.framework */; };
		96D2028F816925BA587EFB2C /* Pods_InstagramTests.framework in Frameworks */ = {isa = PBXBuildFile; fileRef = 0EF2A8103777E40CDB82B0CE /* Pods_InstagramTests.framework */; };
		D5FDE50B533774962E5AEC17 /* Pods_Instagram_InstagramUITests.framework in Frameworks */ = {isa = PBXBuildFile; fileRef = 765FCA46708BC2F54B57510D /* Pods_Instagram_InstagramUITests.framework */; };
/* End PBXBuildFile section */

/* Begin PBXContainerItemProxy section */
		1A47E895286A51F4004914AB /* PBXContainerItemProxy */ = {
			isa = PBXContainerItemProxy;
			containerPortal = 1A47E871286A51F3004914AB /* Project object */;
			proxyType = 1;
			remoteGlobalIDString = 1A47E878286A51F3004914AB;
			remoteInfo = Instagram;
		};
		1A47E89F286A51F4004914AB /* PBXContainerItemProxy */ = {
			isa = PBXContainerItemProxy;
			containerPortal = 1A47E871286A51F3004914AB /* Project object */;
			proxyType = 1;
			remoteGlobalIDString = 1A47E878286A51F3004914AB;
			remoteInfo = Instagram;
		};
/* End PBXContainerItemProxy section */

/* Begin PBXFileReference section */
		0772C6799A44FC5E164F1C70 /* Pods-InstagramTests.release.xcconfig */ = {isa = PBXFileReference; includeInIndex = 1; lastKnownFileType = text.xcconfig; name = "Pods-InstagramTests.release.xcconfig"; path = "Target Support Files/Pods-InstagramTests/Pods-InstagramTests.release.xcconfig"; sourceTree = "<group>"; };
		0ED26DABEA3E3CD2220DFD9B /* Pods-Instagram.release.xcconfig */ = {isa = PBXFileReference; includeInIndex = 1; lastKnownFileType = text.xcconfig; name = "Pods-Instagram.release.xcconfig"; path = "Target Support Files/Pods-Instagram/Pods-Instagram.release.xcconfig"; sourceTree = "<group>"; };
		0EF2A8103777E40CDB82B0CE /* Pods_InstagramTests.framework */ = {isa = PBXFileReference; explicitFileType = wrapper.framework; includeInIndex = 0; path = Pods_InstagramTests.framework; sourceTree = BUILT_PRODUCTS_DIR; };
		1A47E879286A51F3004914AB /* Instagram.app */ = {isa = PBXFileReference; explicitFileType = wrapper.application; includeInIndex = 0; path = Instagram.app; sourceTree = BUILT_PRODUCTS_DIR; };
		1A47E87C286A51F3004914AB /* AppDelegate.h */ = {isa = PBXFileReference; lastKnownFileType = sourcecode.c.h; path = AppDelegate.h; sourceTree = "<group>"; };
		1A47E87D286A51F3004914AB /* AppDelegate.m */ = {isa = PBXFileReference; lastKnownFileType = sourcecode.c.objc; path = AppDelegate.m; sourceTree = "<group>"; };
		1A47E87F286A51F3004914AB /* SceneDelegate.h */ = {isa = PBXFileReference; lastKnownFileType = sourcecode.c.h; path = SceneDelegate.h; sourceTree = "<group>"; };
		1A47E880286A51F3004914AB /* SceneDelegate.m */ = {isa = PBXFileReference; lastKnownFileType = sourcecode.c.objc; path = SceneDelegate.m; sourceTree = "<group>"; };
		1A47E882286A51F3004914AB /* ViewController.h */ = {isa = PBXFileReference; lastKnownFileType = sourcecode.c.h; path = ViewController.h; sourceTree = "<group>"; };
		1A47E883286A51F3004914AB /* ViewController.m */ = {isa = PBXFileReference; lastKnownFileType = sourcecode.c.objc; path = ViewController.m; sourceTree = "<group>"; };
		1A47E886286A51F3004914AB /* Base */ = {isa = PBXFileReference; lastKnownFileType = file.storyboard; name = Base; path = Base.lproj/Main.storyboard; sourceTree = "<group>"; };
		1A47E888286A51F4004914AB /* Assets.xcassets */ = {isa = PBXFileReference; lastKnownFileType = folder.assetcatalog; path = Assets.xcassets; sourceTree = "<group>"; };
		1A47E88B286A51F4004914AB /* Base */ = {isa = PBXFileReference; lastKnownFileType = file.storyboard; name = Base; path = Base.lproj/LaunchScreen.storyboard; sourceTree = "<group>"; };
		1A47E88D286A51F4004914AB /* Info.plist */ = {isa = PBXFileReference; lastKnownFileType = text.plist.xml; path = Info.plist; sourceTree = "<group>"; };
		1A47E88E286A51F4004914AB /* main.m */ = {isa = PBXFileReference; lastKnownFileType = sourcecode.c.objc; path = main.m; sourceTree = "<group>"; };
		1A47E894286A51F4004914AB /* InstagramTests.xctest */ = {isa = PBXFileReference; explicitFileType = wrapper.cfbundle; includeInIndex = 0; path = InstagramTests.xctest; sourceTree = BUILT_PRODUCTS_DIR; };
		1A47E898286A51F4004914AB /* InstagramTests.m */ = {isa = PBXFileReference; lastKnownFileType = sourcecode.c.objc; path = InstagramTests.m; sourceTree = "<group>"; };
		1A47E89E286A51F4004914AB /* InstagramUITests.xctest */ = {isa = PBXFileReference; explicitFileType = wrapper.cfbundle; includeInIndex = 0; path = InstagramUITests.xctest; sourceTree = BUILT_PRODUCTS_DIR; };
		1A47E8A2286A51F4004914AB /* InstagramUITests.m */ = {isa = PBXFileReference; lastKnownFileType = sourcecode.c.objc; path = InstagramUITests.m; sourceTree = "<group>"; };
		1A47E8A4286A51F4004914AB /* InstagramUITestsLaunchTests.m */ = {isa = PBXFileReference; lastKnownFileType = sourcecode.c.objc; path = InstagramUITestsLaunchTests.m; sourceTree = "<group>"; };
		1A47E8B1286A551B004914AB /* keys.plist */ = {isa = PBXFileReference; lastKnownFileType = text.plist.xml; path = keys.plist; sourceTree = "<group>"; };
		38190ACFDCB9830B5D8B1037 /* Pods-Instagram-InstagramUITests.release.xcconfig */ = {isa = PBXFileReference; includeInIndex = 1; lastKnownFileType = text.xcconfig; name = "Pods-Instagram-InstagramUITests.release.xcconfig"; path = "Target Support Files/Pods-Instagram-InstagramUITests/Pods-Instagram-InstagramUITests.release.xcconfig"; sourceTree = "<group>"; };
		429053649248BCEA412EE875 /* Pods-Instagram.debug.xcconfig */ = {isa = PBXFileReference; includeInIndex = 1; lastKnownFileType = text.xcconfig; name = "Pods-Instagram.debug.xcconfig"; path = "Target Support Files/Pods-Instagram/Pods-Instagram.debug.xcconfig"; sourceTree = "<group>"; };
		765FCA46708BC2F54B57510D /* Pods_Instagram_InstagramUITests.framework */ = {isa = PBXFileReference; explicitFileType = wrapper.framework; includeInIndex = 0; path = Pods_Instagram_InstagramUITests.framework; sourceTree = BUILT_PRODUCTS_DIR; };
		770C5F6BCE6AFA542263501E /* Pods_Instagram.framework */ = {isa = PBXFileReference; explicitFileType = wrapper.framework; includeInIndex = 0; path = Pods_Instagram.framework; sourceTree = BUILT_PRODUCTS_DIR; };
		78C437C9CCD560D968DB45BA /* Pods-Instagram-InstagramUITests.debug.xcconfig */ = {isa = PBXFileReference; includeInIndex = 1; lastKnownFileType = text.xcconfig; name = "Pods-Instagram-InstagramUITests.debug.xcconfig"; path = "Target Support Files/Pods-Instagram-InstagramUITests/Pods-Instagram-InstagramUITests.debug.xcconfig"; sourceTree = "<group>"; };
		AD858DEA3D6A9FE7E3FE676D /* Pods-InstagramTests.debug.xcconfig */ = {isa = PBXFileReference; includeInIndex = 1; lastKnownFileType = text.xcconfig; name = "Pods-InstagramTests.debug.xcconfig"; path = "Target Support Files/Pods-InstagramTests/Pods-InstagramTests.debug.xcconfig"; sourceTree = "<group>"; };
/* End PBXFileReference section */

/* Begin PBXFrameworksBuildPhase section */
		1A47E876286A51F3004914AB /* Frameworks */ = {
			isa = PBXFrameworksBuildPhase;
			buildActionMask = 2147483647;
			files = (
				95A3F18FBB137EC605876C57 /* Pods_Instagram.framework in Frameworks */,
			);
			runOnlyForDeploymentPostprocessing = 0;
		};
		1A47E891286A51F4004914AB /* Frameworks */ = {
			isa = PBXFrameworksBuildPhase;
			buildActionMask = 2147483647;
			files = (
				96D2028F816925BA587EFB2C /* Pods_InstagramTests.framework in Frameworks */,
			);
			runOnlyForDeploymentPostprocessing = 0;
		};
		1A47E89B286A51F4004914AB /* Frameworks */ = {
			isa = PBXFrameworksBuildPhase;
			buildActionMask = 2147483647;
			files = (
				D5FDE50B533774962E5AEC17 /* Pods_Instagram_InstagramUITests.framework in Frameworks */,
			);
			runOnlyForDeploymentPostprocessing = 0;
		};
/* End PBXFrameworksBuildPhase section */

/* Begin PBXGroup section */
		1A47E870286A51F3004914AB = {
			isa = PBXGroup;
			children = (
				1A47E87B286A51F3004914AB /* Instagram */,
				1A47E897286A51F4004914AB /* InstagramTests */,
				1A47E8A1286A51F4004914AB /* InstagramUITests */,
				1A47E87A286A51F3004914AB /* Products */,
				55D2142DD9436BED6ED64609 /* Pods */,
				36A5015DEE82ED0DAF0A6E7D /* Frameworks */,
			);
			sourceTree = "<group>";
		};
		1A47E87A286A51F3004914AB /* Products */ = {
			isa = PBXGroup;
			children = (
				1A47E879286A51F3004914AB /* Instagram.app */,
				1A47E894286A51F4004914AB /* InstagramTests.xctest */,
				1A47E89E286A51F4004914AB /* InstagramUITests.xctest */,
			);
			name = Products;
			sourceTree = "<group>";
		};
		1A47E87B286A51F3004914AB /* Instagram */ = {
			isa = PBXGroup;
			children = (
				1A47E87C286A51F3004914AB /* AppDelegate.h */,
				1A47E87D286A51F3004914AB /* AppDelegate.m */,
				1A47E87F286A51F3004914AB /* SceneDelegate.h */,
				1A47E880286A51F3004914AB /* SceneDelegate.m */,
				1A47E882286A51F3004914AB /* ViewController.h */,
				1A47E883286A51F3004914AB /* ViewController.m */,
				1A47E885286A51F3004914AB /* Main.storyboard */,
				1A47E888286A51F4004914AB /* Assets.xcassets */,
				1A47E88A286A51F4004914AB /* LaunchScreen.storyboard */,
				1A47E88D286A51F4004914AB /* Info.plist */,
				1A47E88E286A51F4004914AB /* main.m */,
				1A47E8B1286A551B004914AB /* keys.plist */,
			);
			path = Instagram;
			sourceTree = "<group>";
		};
		1A47E897286A51F4004914AB /* InstagramTests */ = {
			isa = PBXGroup;
			children = (
				1A47E898286A51F4004914AB /* InstagramTests.m */,
			);
			path = InstagramTests;
			sourceTree = "<group>";
		};
		1A47E8A1286A51F4004914AB /* InstagramUITests */ = {
			isa = PBXGroup;
			children = (
				1A47E8A2286A51F4004914AB /* InstagramUITests.m */,
				1A47E8A4286A51F4004914AB /* InstagramUITestsLaunchTests.m */,
			);
			path = InstagramUITests;
			sourceTree = "<group>";
		};
		36A5015DEE82ED0DAF0A6E7D /* Frameworks */ = {
			isa = PBXGroup;
			children = (
				770C5F6BCE6AFA542263501E /* Pods_Instagram.framework */,
				765FCA46708BC2F54B57510D /* Pods_Instagram_InstagramUITests.framework */,
				0EF2A8103777E40CDB82B0CE /* Pods_InstagramTests.framework */,
			);
			name = Frameworks;
			sourceTree = "<group>";
		};
		55D2142DD9436BED6ED64609 /* Pods */ = {
			isa = PBXGroup;
			children = (
				429053649248BCEA412EE875 /* Pods-Instagram.debug.xcconfig */,
				0ED26DABEA3E3CD2220DFD9B /* Pods-Instagram.release.xcconfig */,
				78C437C9CCD560D968DB45BA /* Pods-Instagram-InstagramUITests.debug.xcconfig */,
				38190ACFDCB9830B5D8B1037 /* Pods-Instagram-InstagramUITests.release.xcconfig */,
				AD858DEA3D6A9FE7E3FE676D /* Pods-InstagramTests.debug.xcconfig */,
				0772C6799A44FC5E164F1C70 /* Pods-InstagramTests.release.xcconfig */,
			);
			path = Pods;
			sourceTree = "<group>";
		};
/* End PBXGroup section */

/* Begin PBXNativeTarget section */
		1A47E878286A51F3004914AB /* Instagram */ = {
			isa = PBXNativeTarget;
			buildConfigurationList = 1A47E8A8286A51F4004914AB /* Build configuration list for PBXNativeTarget "Instagram" */;
			buildPhases = (
				16530FB66E1D4F6D5EE288BF /* [CP] Check Pods Manifest.lock */,
				1A47E875286A51F3004914AB /* Sources */,
				1A47E876286A51F3004914AB /* Frameworks */,
				1A47E877286A51F3004914AB /* Resources */,
				146349BBEA22B63C8ED218F1 /* [CP] Embed Pods Frameworks */,
			);
			buildRules = (
			);
			dependencies = (
			);
			name = Instagram;
			productName = Instagram;
			productReference = 1A47E879286A51F3004914AB /* Instagram.app */;
			productType = "com.apple.product-type.application";
		};
		1A47E893286A51F4004914AB /* InstagramTests */ = {
			isa = PBXNativeTarget;
			buildConfigurationList = 1A47E8AB286A51F4004914AB /* Build configuration list for PBXNativeTarget "InstagramTests" */;
			buildPhases = (
				B14082DA45F9BE9DB75F5BA0 /* [CP] Check Pods Manifest.lock */,
				1A47E890286A51F4004914AB /* Sources */,
				1A47E891286A51F4004914AB /* Frameworks */,
				1A47E892286A51F4004914AB /* Resources */,
			);
			buildRules = (
			);
			dependencies = (
				1A47E896286A51F4004914AB /* PBXTargetDependency */,
			);
			name = InstagramTests;
			productName = InstagramTests;
			productReference = 1A47E894286A51F4004914AB /* InstagramTests.xctest */;
			productType = "com.apple.product-type.bundle.unit-test";
		};
		1A47E89D286A51F4004914AB /* InstagramUITests */ = {
			isa = PBXNativeTarget;
			buildConfigurationList = 1A47E8AE286A51F4004914AB /* Build configuration list for PBXNativeTarget "InstagramUITests" */;
			buildPhases = (
				4D08906CEF19D093DC26EFA4 /* [CP] Check Pods Manifest.lock */,
				1A47E89A286A51F4004914AB /* Sources */,
				1A47E89B286A51F4004914AB /* Frameworks */,
				1A47E89C286A51F4004914AB /* Resources */,
				B90822D04B1A028204606ADA /* [CP] Embed Pods Frameworks */,
			);
			buildRules = (
			);
			dependencies = (
				1A47E8A0286A51F4004914AB /* PBXTargetDependency */,
			);
			name = InstagramUITests;
			productName = InstagramUITests;
			productReference = 1A47E89E286A51F4004914AB /* InstagramUITests.xctest */;
			productType = "com.apple.product-type.bundle.ui-testing";
		};
/* End PBXNativeTarget section */

/* Begin PBXProject section */
		1A47E871286A51F3004914AB /* Project object */ = {
			isa = PBXProject;
			attributes = {
				BuildIndependentTargetsInParallel = 1;
				LastUpgradeCheck = 1340;
				TargetAttributes = {
					1A47E878286A51F3004914AB = {
						CreatedOnToolsVersion = 13.4.1;
					};
					1A47E893286A51F4004914AB = {
						CreatedOnToolsVersion = 13.4.1;
						TestTargetID = 1A47E878286A51F3004914AB;
					};
					1A47E89D286A51F4004914AB = {
						CreatedOnToolsVersion = 13.4.1;
						TestTargetID = 1A47E878286A51F3004914AB;
					};
				};
			};
			buildConfigurationList = 1A47E874286A51F3004914AB /* Build configuration list for PBXProject "Instagram" */;
			compatibilityVersion = "Xcode 13.0";
			developmentRegion = en;
			hasScannedForEncodings = 0;
			knownRegions = (
				en,
				Base,
			);
			mainGroup = 1A47E870286A51F3004914AB;
			productRefGroup = 1A47E87A286A51F3004914AB /* Products */;
			projectDirPath = "";
			projectRoot = "";
			targets = (
				1A47E878286A51F3004914AB /* Instagram */,
				1A47E893286A51F4004914AB /* InstagramTests */,
				1A47E89D286A51F4004914AB /* InstagramUITests */,
			);
		};
/* End PBXProject section */

/* Begin PBXResourcesBuildPhase section */
		1A47E877286A51F3004914AB /* Resources */ = {
			isa = PBXResourcesBuildPhase;
			buildActionMask = 2147483647;
			files = (
				1A47E8B2286A551B004914AB /* keys.plist in Resources */,
				1A47E88C286A51F4004914AB /* LaunchScreen.storyboard in Resources */,
				1A47E889286A51F4004914AB /* Assets.xcassets in Resources */,
				1A47E887286A51F3004914AB /* Main.storyboard in Resources */,
			);
			runOnlyForDeploymentPostprocessing = 0;
		};
		1A47E892286A51F4004914AB /* Resources */ = {
			isa = PBXResourcesBuildPhase;
			buildActionMask = 2147483647;
			files = (
			);
			runOnlyForDeploymentPostprocessing = 0;
		};
		1A47E89C286A51F4004914AB /* Resources */ = {
			isa = PBXResourcesBuildPhase;
			buildActionMask = 2147483647;
			files = (
			);
			runOnlyForDeploymentPostprocessing = 0;
		};
/* End PBXResourcesBuildPhase section */

/* Begin PBXShellScriptBuildPhase section */
		146349BBEA22B63C8ED218F1 /* [CP] Embed Pods Frameworks */ = {
			isa = PBXShellScriptBuildPhase;
			buildActionMask = 2147483647;
			files = (
			);
			inputFileListPaths = (
				"${PODS_ROOT}/Target Support Files/Pods-Instagram/Pods-Instagram-frameworks-${CONFIGURATION}-input-files.xcfilelist",
			);
			name = "[CP] Embed Pods Frameworks";
			outputFileListPaths = (
				"${PODS_ROOT}/Target Support Files/Pods-Instagram/Pods-Instagram-frameworks-${CONFIGURATION}-output-files.xcfilelist",
			);
			runOnlyForDeploymentPostprocessing = 0;
			shellPath = /bin/sh;
			shellScript = "\"${PODS_ROOT}/Target Support Files/Pods-Instagram/Pods-Instagram-frameworks.sh\"\n";
			showEnvVarsInLog = 0;
		};
		16530FB66E1D4F6D5EE288BF /* [CP] Check Pods Manifest.lock */ = {
			isa = PBXShellScriptBuildPhase;
			buildActionMask = 2147483647;
			files = (
			);
			inputFileListPaths = (
			);
			inputPaths = (
				"${PODS_PODFILE_DIR_PATH}/Podfile.lock",
				"${PODS_ROOT}/Manifest.lock",
			);
			name = "[CP] Check Pods Manifest.lock";
			outputFileListPaths = (
			);
			outputPaths = (
				"$(DERIVED_FILE_DIR)/Pods-Instagram-checkManifestLockResult.txt",
			);
			runOnlyForDeploymentPostprocessing = 0;
			shellPath = /bin/sh;
			shellScript = "diff \"${PODS_PODFILE_DIR_PATH}/Podfile.lock\" \"${PODS_ROOT}/Manifest.lock\" > /dev/null\nif [ $? != 0 ] ; then\n    # print error to STDERR\n    echo \"error: The sandbox is not in sync with the Podfile.lock. Run 'pod install' or update your CocoaPods installation.\" >&2\n    exit 1\nfi\n# This output is used by Xcode 'outputs' to avoid re-running this script phase.\necho \"SUCCESS\" > \"${SCRIPT_OUTPUT_FILE_0}\"\n";
			showEnvVarsInLog = 0;
		};
		4D08906CEF19D093DC26EFA4 /* [CP] Check Pods Manifest.lock */ = {
			isa = PBXShellScriptBuildPhase;
			buildActionMask = 2147483647;
			files = (
			);
			inputFileListPaths = (
			);
			inputPaths = (
				"${PODS_PODFILE_DIR_PATH}/Podfile.lock",
				"${PODS_ROOT}/Manifest.lock",
			);
			name = "[CP] Check Pods Manifest.lock";
			outputFileListPaths = (
			);
			outputPaths = (
				"$(DERIVED_FILE_DIR)/Pods-Instagram-InstagramUITests-checkManifestLockResult.txt",
			);
			runOnlyForDeploymentPostprocessing = 0;
			shellPath = /bin/sh;
			shellScript = "diff \"${PODS_PODFILE_DIR_PATH}/Podfile.lock\" \"${PODS_ROOT}/Manifest.lock\" > /dev/null\nif [ $? != 0 ] ; then\n    # print error to STDERR\n    echo \"error: The sandbox is not in sync with the Podfile.lock. Run 'pod install' or update your CocoaPods installation.\" >&2\n    exit 1\nfi\n# This output is used by Xcode 'outputs' to avoid re-running this script phase.\necho \"SUCCESS\" > \"${SCRIPT_OUTPUT_FILE_0}\"\n";
			showEnvVarsInLog = 0;
		};
		B14082DA45F9BE9DB75F5BA0 /* [CP] Check Pods Manifest.lock */ = {
			isa = PBXShellScriptBuildPhase;
			buildActionMask = 2147483647;
			files = (
			);
			inputFileListPaths = (
			);
			inputPaths = (
				"${PODS_PODFILE_DIR_PATH}/Podfile.lock",
				"${PODS_ROOT}/Manifest.lock",
			);
			name = "[CP] Check Pods Manifest.lock";
			outputFileListPaths = (
			);
			outputPaths = (
				"$(DERIVED_FILE_DIR)/Pods-InstagramTests-checkManifestLockResult.txt",
			);
			runOnlyForDeploymentPostprocessing = 0;
			shellPath = /bin/sh;
			shellScript = "diff \"${PODS_PODFILE_DIR_PATH}/Podfile.lock\" \"${PODS_ROOT}/Manifest.lock\" > /dev/null\nif [ $? != 0 ] ; then\n    # print error to STDERR\n    echo \"error: The sandbox is not in sync with the Podfile.lock. Run 'pod install' or update your CocoaPods installation.\" >&2\n    exit 1\nfi\n# This output is used by Xcode 'outputs' to avoid re-running this script phase.\necho \"SUCCESS\" > \"${SCRIPT_OUTPUT_FILE_0}\"\n";
			showEnvVarsInLog = 0;
		};
		B90822D04B1A028204606ADA /* [CP] Embed Pods Frameworks */ = {
			isa = PBXShellScriptBuildPhase;
			buildActionMask = 2147483647;
			files = (
			);
			inputFileListPaths = (
				"${PODS_ROOT}/Target Support Files/Pods-Instagram-InstagramUITests/Pods-Instagram-InstagramUITests-frameworks-${CONFIGURATION}-input-files.xcfilelist",
			);
			name = "[CP] Embed Pods Frameworks";
			outputFileListPaths = (
				"${PODS_ROOT}/Target Support Files/Pods-Instagram-InstagramUITests/Pods-Instagram-InstagramUITests-frameworks-${CONFIGURATION}-output-files.xcfilelist",
			);
			runOnlyForDeploymentPostprocessing = 0;
			shellPath = /bin/sh;
			shellScript = "\"${PODS_ROOT}/Target Support Files/Pods-Instagram-InstagramUITests/Pods-Instagram-InstagramUITests-frameworks.sh\"\n";
			showEnvVarsInLog = 0;
		};
/* End PBXShellScriptBuildPhase section */

/* Begin PBXSourcesBuildPhase section */
		1A47E875286A51F3004914AB /* Sources */ = {
			isa = PBXSourcesBuildPhase;
			buildActionMask = 2147483647;
			files = (
				1A47E884286A51F3004914AB /* ViewController.m in Sources */,
				1A47E87E286A51F3004914AB /* AppDelegate.m in Sources */,
				1A47E88F286A51F4004914AB /* main.m in Sources */,
				1A47E881286A51F3004914AB /* SceneDelegate.m in Sources */,
			);
			runOnlyForDeploymentPostprocessing = 0;
		};
		1A47E890286A51F4004914AB /* Sources */ = {
			isa = PBXSourcesBuildPhase;
			buildActionMask = 2147483647;
			files = (
				1A47E899286A51F4004914AB /* InstagramTests.m in Sources */,
			);
			runOnlyForDeploymentPostprocessing = 0;
		};
		1A47E89A286A51F4004914AB /* Sources */ = {
			isa = PBXSourcesBuildPhase;
			buildActionMask = 2147483647;
			files = (
				1A47E8A3286A51F4004914AB /* InstagramUITests.m in Sources */,
				1A47E8A5286A51F4004914AB /* InstagramUITestsLaunchTests.m in Sources */,
			);
			runOnlyForDeploymentPostprocessing = 0;
		};
/* End PBXSourcesBuildPhase section */

/* Begin PBXTargetDependency section */
		1A47E896286A51F4004914AB /* PBXTargetDependency */ = {
			isa = PBXTargetDependency;
			target = 1A47E878286A51F3004914AB /* Instagram */;
			targetProxy = 1A47E895286A51F4004914AB /* PBXContainerItemProxy */;
		};
		1A47E8A0286A51F4004914AB /* PBXTargetDependency */ = {
			isa = PBXTargetDependency;
			target = 1A47E878286A51F3004914AB /* Instagram */;
			targetProxy = 1A47E89F286A51F4004914AB /* PBXContainerItemProxy */;
		};
/* End PBXTargetDependency section */

/* Begin PBXVariantGroup section */
		1A47E885286A51F3004914AB /* Main.storyboard */ = {
			isa = PBXVariantGroup;
			children = (
				1A47E886286A51F3004914AB /* Base */,
			);
			name = Main.storyboard;
			sourceTree = "<group>";
		};
		1A47E88A286A51F4004914AB /* LaunchScreen.storyboard */ = {
			isa = PBXVariantGroup;
			children = (
				1A47E88B286A51F4004914AB /* Base */,
			);
			name = LaunchScreen.storyboard;
			sourceTree = "<group>";
		};
/* End PBXVariantGroup section */

/* Begin XCBuildConfiguration section */
		1A47E8A6286A51F4004914AB /* Debug */ = {
			isa = XCBuildConfiguration;
			buildSettings = {
				ALWAYS_SEARCH_USER_PATHS = NO;
				CLANG_ANALYZER_NONNULL = YES;
				CLANG_ANALYZER_NUMBER_OBJECT_CONVERSION = YES_AGGRESSIVE;
				CLANG_CXX_LANGUAGE_STANDARD = "gnu++17";
				CLANG_ENABLE_MODULES = YES;
				CLANG_ENABLE_OBJC_ARC = YES;
				CLANG_ENABLE_OBJC_WEAK = YES;
				CLANG_WARN_BLOCK_CAPTURE_AUTORELEASING = YES;
				CLANG_WARN_BOOL_CONVERSION = YES;
				CLANG_WARN_COMMA = YES;
				CLANG_WARN_CONSTANT_CONVERSION = YES;
				CLANG_WARN_DEPRECATED_OBJC_IMPLEMENTATIONS = YES;
				CLANG_WARN_DIRECT_OBJC_ISA_USAGE = YES_ERROR;
				CLANG_WARN_DOCUMENTATION_COMMENTS = YES;
				CLANG_WARN_EMPTY_BODY = YES;
				CLANG_WARN_ENUM_CONVERSION = YES;
				CLANG_WARN_INFINITE_RECURSION = YES;
				CLANG_WARN_INT_CONVERSION = YES;
				CLANG_WARN_NON_LITERAL_NULL_CONVERSION = YES;
				CLANG_WARN_OBJC_IMPLICIT_RETAIN_SELF = YES;
				CLANG_WARN_OBJC_LITERAL_CONVERSION = YES;
				CLANG_WARN_OBJC_ROOT_CLASS = YES_ERROR;
				CLANG_WARN_QUOTED_INCLUDE_IN_FRAMEWORK_HEADER = YES;
				CLANG_WARN_RANGE_LOOP_ANALYSIS = YES;
				CLANG_WARN_STRICT_PROTOTYPES = YES;
				CLANG_WARN_SUSPICIOUS_MOVE = YES;
				CLANG_WARN_UNGUARDED_AVAILABILITY = YES_AGGRESSIVE;
				CLANG_WARN_UNREACHABLE_CODE = YES;
				CLANG_WARN__DUPLICATE_METHOD_MATCH = YES;
				COPY_PHASE_STRIP = NO;
				DEBUG_INFORMATION_FORMAT = dwarf;
				ENABLE_STRICT_OBJC_MSGSEND = YES;
				ENABLE_TESTABILITY = YES;
				GCC_C_LANGUAGE_STANDARD = gnu11;
				GCC_DYNAMIC_NO_PIC = NO;
				GCC_NO_COMMON_BLOCKS = YES;
				GCC_OPTIMIZATION_LEVEL = 0;
				GCC_PREPROCESSOR_DEFINITIONS = (
					"DEBUG=1",
					"$(inherited)",
				);
				GCC_WARN_64_TO_32_BIT_CONVERSION = YES;
				GCC_WARN_ABOUT_RETURN_TYPE = YES_ERROR;
				GCC_WARN_UNDECLARED_SELECTOR = YES;
				GCC_WARN_UNINITIALIZED_AUTOS = YES_AGGRESSIVE;
				GCC_WARN_UNUSED_FUNCTION = YES;
				GCC_WARN_UNUSED_VARIABLE = YES;
				IPHONEOS_DEPLOYMENT_TARGET = 15.5;
				MTL_ENABLE_DEBUG_INFO = INCLUDE_SOURCE;
				MTL_FAST_MATH = YES;
				ONLY_ACTIVE_ARCH = YES;
				SDKROOT = iphoneos;
			};
			name = Debug;
		};
		1A47E8A7286A51F4004914AB /* Release */ = {
			isa = XCBuildConfiguration;
			buildSettings = {
				ALWAYS_SEARCH_USER_PATHS = NO;
				CLANG_ANALYZER_NONNULL = YES;
				CLANG_ANALYZER_NUMBER_OBJECT_CONVERSION = YES_AGGRESSIVE;
				CLANG_CXX_LANGUAGE_STANDARD = "gnu++17";
				CLANG_ENABLE_MODULES = YES;
				CLANG_ENABLE_OBJC_ARC = YES;
				CLANG_ENABLE_OBJC_WEAK = YES;
				CLANG_WARN_BLOCK_CAPTURE_AUTORELEASING = YES;
				CLANG_WARN_BOOL_CONVERSION = YES;
				CLANG_WARN_COMMA = YES;
				CLANG_WARN_CONSTANT_CONVERSION = YES;
				CLANG_WARN_DEPRECATED_OBJC_IMPLEMENTATIONS = YES;
				CLANG_WARN_DIRECT_OBJC_ISA_USAGE = YES_ERROR;
				CLANG_WARN_DOCUMENTATION_COMMENTS = YES;
				CLANG_WARN_EMPTY_BODY = YES;
				CLANG_WARN_ENUM_CONVERSION = YES;
				CLANG_WARN_INFINITE_RECURSION = YES;
				CLANG_WARN_INT_CONVERSION = YES;
				CLANG_WARN_NON_LITERAL_NULL_CONVERSION = YES;
				CLANG_WARN_OBJC_IMPLICIT_RETAIN_SELF = YES;
				CLANG_WARN_OBJC_LITERAL_CONVERSION = YES;
				CLANG_WARN_OBJC_ROOT_CLASS = YES_ERROR;
				CLANG_WARN_QUOTED_INCLUDE_IN_FRAMEWORK_HEADER = YES;
				CLANG_WARN_RANGE_LOOP_ANALYSIS = YES;
				CLANG_WARN_STRICT_PROTOTYPES = YES;
				CLANG_WARN_SUSPICIOUS_MOVE = YES;
				CLANG_WARN_UNGUARDED_AVAILABILITY = YES_AGGRESSIVE;
				CLANG_WARN_UNREACHABLE_CODE = YES;
				CLANG_WARN__DUPLICATE_METHOD_MATCH = YES;
				COPY_PHASE_STRIP = NO;
				DEBUG_INFORMATION_FORMAT = "dwarf-with-dsym";
				ENABLE_NS_ASSERTIONS = NO;
				ENABLE_STRICT_OBJC_MSGSEND = YES;
				GCC_C_LANGUAGE_STANDARD = gnu11;
				GCC_NO_COMMON_BLOCKS = YES;
				GCC_WARN_64_TO_32_BIT_CONVERSION = YES;
				GCC_WARN_ABOUT_RETURN_TYPE = YES_ERROR;
				GCC_WARN_UNDECLARED_SELECTOR = YES;
				GCC_WARN_UNINITIALIZED_AUTOS = YES_AGGRESSIVE;
				GCC_WARN_UNUSED_FUNCTION = YES;
				GCC_WARN_UNUSED_VARIABLE = YES;
				IPHONEOS_DEPLOYMENT_TARGET = 15.5;
				MTL_ENABLE_DEBUG_INFO = NO;
				MTL_FAST_MATH = YES;
				SDKROOT = iphoneos;
				VALIDATE_PRODUCT = YES;
			};
			name = Release;
		};
		1A47E8A9286A51F4004914AB /* Debug */ = {
			isa = XCBuildConfiguration;
			baseConfigurationReference = 429053649248BCEA412EE875 /* Pods-Instagram.debug.xcconfig */;
			buildSettings = {
				ASSETCATALOG_COMPILER_APPICON_NAME = AppIcon;
				ASSETCATALOG_COMPILER_GLOBAL_ACCENT_COLOR_NAME = AccentColor;
				CODE_SIGN_STYLE = Automatic;
				CURRENT_PROJECT_VERSION = 1;
				DEVELOPMENT_TEAM = 9SSZQWY7PM;
				GENERATE_INFOPLIST_FILE = YES;
				INFOPLIST_FILE = Instagram/Info.plist;
				INFOPLIST_KEY_UIApplicationSupportsIndirectInputEvents = YES;
				INFOPLIST_KEY_UILaunchStoryboardName = LaunchScreen;
				INFOPLIST_KEY_UIMainStoryboardFile = Main;
				INFOPLIST_KEY_UISupportedInterfaceOrientations_iPad = "UIInterfaceOrientationPortrait UIInterfaceOrientationPortraitUpsideDown UIInterfaceOrientationLandscapeLeft UIInterfaceOrientationLandscapeRight";
				INFOPLIST_KEY_UISupportedInterfaceOrientations_iPhone = "UIInterfaceOrientationPortrait UIInterfaceOrientationLandscapeLeft UIInterfaceOrientationLandscapeRight";
				LD_RUNPATH_SEARCH_PATHS = (
					"$(inherited)",
					"@executable_path/Frameworks",
				);
				MARKETING_VERSION = 1.0;
				PRODUCT_BUNDLE_IDENTIFIER = com.codepath.Instagram;
				PRODUCT_NAME = "$(TARGET_NAME)";
				SWIFT_EMIT_LOC_STRINGS = YES;
				TARGETED_DEVICE_FAMILY = "1,2";
			};
			name = Debug;
		};
		1A47E8AA286A51F4004914AB /* Release */ = {
			isa = XCBuildConfiguration;
			baseConfigurationReference = 0ED26DABEA3E3CD2220DFD9B /* Pods-Instagram.release.xcconfig */;
			buildSettings = {
				ASSETCATALOG_COMPILER_APPICON_NAME = AppIcon;
				ASSETCATALOG_COMPILER_GLOBAL_ACCENT_COLOR_NAME = AccentColor;
				CODE_SIGN_STYLE = Automatic;
				CURRENT_PROJECT_VERSION = 1;
				DEVELOPMENT_TEAM = 9SSZQWY7PM;
				GENERATE_INFOPLIST_FILE = YES;
				INFOPLIST_FILE = Instagram/Info.plist;
				INFOPLIST_KEY_UIApplicationSupportsIndirectInputEvents = YES;
				INFOPLIST_KEY_UILaunchStoryboardName = LaunchScreen;
				INFOPLIST_KEY_UIMainStoryboardFile = Main;
				INFOPLIST_KEY_UISupportedInterfaceOrientations_iPad = "UIInterfaceOrientationPortrait UIInterfaceOrientationPortraitUpsideDown UIInterfaceOrientationLandscapeLeft UIInterfaceOrientationLandscapeRight";
				INFOPLIST_KEY_UISupportedInterfaceOrientations_iPhone = "UIInterfaceOrientationPortrait UIInterfaceOrientationLandscapeLeft UIInterfaceOrientationLandscapeRight";
				LD_RUNPATH_SEARCH_PATHS = (
					"$(inherited)",
					"@executable_path/Frameworks",
				);
				MARKETING_VERSION = 1.0;
				PRODUCT_BUNDLE_IDENTIFIER = com.codepath.Instagram;
				PRODUCT_NAME = "$(TARGET_NAME)";
				SWIFT_EMIT_LOC_STRINGS = YES;
				TARGETED_DEVICE_FAMILY = "1,2";
			};
			name = Release;
		};
		1A47E8AC286A51F4004914AB /* Debug */ = {
			isa = XCBuildConfiguration;
			baseConfigurationReference = AD858DEA3D6A9FE7E3FE676D /* Pods-InstagramTests.debug.xcconfig */;
			buildSettings = {
				BUNDLE_LOADER = "$(TEST_HOST)";
				CODE_SIGN_STYLE = Automatic;
				CURRENT_PROJECT_VERSION = 1;
				DEVELOPMENT_TEAM = 9SSZQWY7PM;
				GENERATE_INFOPLIST_FILE = YES;
				IPHONEOS_DEPLOYMENT_TARGET = 15.5;
				MARKETING_VERSION = 1.0;
				PRODUCT_BUNDLE_IDENTIFIER = com.codepath.InstagramTests;
				PRODUCT_NAME = "$(TARGET_NAME)";
				SWIFT_EMIT_LOC_STRINGS = NO;
				TARGETED_DEVICE_FAMILY = "1,2";
				TEST_HOST = "$(BUILT_PRODUCTS_DIR)/Instagram.app/Instagram";
			};
			name = Debug;
		};
		1A47E8AD286A51F4004914AB /* Release */ = {
			isa = XCBuildConfiguration;
			baseConfigurationReference = 0772C6799A44FC5E164F1C70 /* Pods-InstagramTests.release.xcconfig */;
			buildSettings = {
				BUNDLE_LOADER = "$(TEST_HOST)";
				CODE_SIGN_STYLE = Automatic;
				CURRENT_PROJECT_VERSION = 1;
				DEVELOPMENT_TEAM = 9SSZQWY7PM;
				GENERATE_INFOPLIST_FILE = YES;
				IPHONEOS_DEPLOYMENT_TARGET = 15.5;
				MARKETING_VERSION = 1.0;
				PRODUCT_BUNDLE_IDENTIFIER = com.codepath.InstagramTests;
				PRODUCT_NAME = "$(TARGET_NAME)";
				SWIFT_EMIT_LOC_STRINGS = NO;
				TARGETED_DEVICE_FAMILY = "1,2";
				TEST_HOST = "$(BUILT_PRODUCTS_DIR)/Instagram.app/Instagram";
			};
			name = Release;
		};
		1A47E8AF286A51F4004914AB /* Debug */ = {
			isa = XCBuildConfiguration;
			baseConfigurationReference = 78C437C9CCD560D968DB45BA /* Pods-Instagram-InstagramUITests.debug.xcconfig */;
			buildSettings = {
				CODE_SIGN_STYLE = Automatic;
				CURRENT_PROJECT_VERSION = 1;
				DEVELOPMENT_TEAM = 9SSZQWY7PM;
				GENERATE_INFOPLIST_FILE = YES;
				MARKETING_VERSION = 1.0;
				PRODUCT_BUNDLE_IDENTIFIER = com.codepath.InstagramUITests;
				PRODUCT_NAME = "$(TARGET_NAME)";
				SWIFT_EMIT_LOC_STRINGS = NO;
				TARGETED_DEVICE_FAMILY = "1,2";
				TEST_TARGET_NAME = Instagram;
			};
			name = Debug;
		};
		1A47E8B0286A51F4004914AB /* Release */ = {
			isa = XCBuildConfiguration;
			baseConfigurationReference = 38190ACFDCB9830B5D8B1037 /* Pods-Instagram-InstagramUITests.release.xcconfig */;
			buildSettings = {
				CODE_SIGN_STYLE = Automatic;
				CURRENT_PROJECT_VERSION = 1;
				DEVELOPMENT_TEAM = 9SSZQWY7PM;
				GENERATE_INFOPLIST_FILE = YES;
				MARKETING_VERSION = 1.0;
				PRODUCT_BUNDLE_IDENTIFIER = com.codepath.InstagramUITests;
				PRODUCT_NAME = "$(TARGET_NAME)";
				SWIFT_EMIT_LOC_STRINGS = NO;
				TARGETED_DEVICE_FAMILY = "1,2";
				TEST_TARGET_NAME = Instagram;
			};
			name = Release;
		};
/* End XCBuildConfiguration section */

/* Begin XCConfigurationList section */
		1A47E874286A51F3004914AB /* Build configuration list for PBXProject "Instagram" */ = {
			isa = XCConfigurationList;
			buildConfigurations = (
				1A47E8A6286A51F4004914AB /* Debug */,
				1A47E8A7286A51F4004914AB /* Release */,
			);
			defaultConfigurationIsVisible = 0;
			defaultConfigurationName = Release;
		};
		1A47E8A8286A51F4004914AB /* Build configuration list for PBXNativeTarget "Instagram" */ = {
			isa = XCConfigurationList;
			buildConfigurations = (
				1A47E8A9286A51F4004914AB /* Debug */,
				1A47E8AA286A51F4004914AB /* Release */,
			);
			defaultConfigurationIsVisible = 0;
			defaultConfigurationName = Release;
		};
		1A47E8AB286A51F4004914AB /* Build configuration list for PBXNativeTarget "InstagramTests" */ = {
			isa = XCConfigurationList;
			buildConfigurations = (
				1A47E8AC286A51F4004914AB /* Debug */,
				1A47E8AD286A51F4004914AB /* Release */,
			);
			defaultConfigurationIsVisible = 0;
			defaultConfigurationName = Release;
		};
		1A47E8AE286A51F4004914AB /* Build configuration list for PBXNativeTarget "InstagramUITests" */ = {
			isa = XCConfigurationList;
			buildConfigurations = (
				1A47E8AF286A51F4004914AB /* Debug */,
				1A47E8B0286A51F4004914AB /* Release */,
			);
			defaultConfigurationIsVisible = 0;
			defaultConfigurationName = Release;
		};
/* End XCConfigurationList section */
	};
	rootObject = 1A47E871286A51F3004914AB /* Project object */;
}
